
Microsoft Visual Studio Solution File, Format Version 12.00
# Visual Studio Version 17
VisualStudioVersion = 17.8.34601.278
MinimumVisualStudioVersion = 10.0.40219.1
Project("{9A19103F-16F7-4668-BE54-9A1E7A4F7556}") = "Rebus.Firebird", "Rebus.Firebird\Rebus.Firebird.csproj", "{145D3030-1590-475C-BE3A-2D4ECFEF2BFE}"
EndProject
Project("{2150E333-8FDC-42A3-9474-1A3956D46DE8}") = "Solution Items", "Solution Items", "{BB53193C-37F9-40DD-B457-6ED5C225491C}"
	ProjectSection(SolutionItems) = preProject
		.editorconfig = .editorconfig
		LICENSE.md = LICENSE.md
	EndProjectSection
EndProject
Project("{9A19103F-16F7-4668-BE54-9A1E7A4F7556}") = "Rebus.Firebird.Tests", "Rebus.Firebird.Tests\Rebus.Firebird.Tests.csproj", "{89441ACA-1E12-4950-8053-5829F49F9B5D}"
EndProject
Global
	GlobalSection(SolutionConfigurationPlatforms) = preSolution
		Debug|Any CPU = Debug|Any CPU
		Release|Any CPU = Release|Any CPU
	EndGlobalSection
	GlobalSection(ProjectConfigurationPlatforms) = postSolution
		{145D3030-1590-475C-BE3A-2D4ECFEF2BFE}.Debug|Any CPU.ActiveCfg = Debug|Any CPU
		{145D3030-1590-475C-BE3A-2D4ECFEF2BFE}.Debug|Any CPU.Build.0 = Debug|Any CPU
		{145D3030-1590-475C-BE3A-2D4ECFEF2BFE}.Release|Any CPU.ActiveCfg = Release|Any CPU
		{145D3030-1590-475C-BE3A-2D4ECFEF2BFE}.Release|Any CPU.Build.0 = Release|Any CPU
		{89441ACA-1E12-4950-8053-5829F49F9B5D}.Debug|Any CPU.ActiveCfg = Debug|Any CPU
		{89441ACA-1E12-4950-8053-5829F49F9B5D}.Debug|Any CPU.Build.0 = Debug|Any CPU
		{89441ACA-1E12-4950-8053-5829F49F9B5D}.Release|Any CPU.ActiveCfg = Release|Any CPU
		{89441ACA-1E12-4950-8053-5829F49F9B5D}.Release|Any CPU.Build.0 = Release|Any CPU
	EndGlobalSection
	GlobalSection(SolutionProperties) = preSolution
		HideSolutionNode = FALSE
	EndGlobalSection
	GlobalSection(ExtensibilityGlobals) = postSolution
		SolutionGuid = {F0F26C43-876A-4133-9B8A-7A7909619F68}
	EndGlobalSection
EndGlobal
